// !$*UTF8*$!
{
	archiveVersion = 1;
	classes = {
	};
	objectVersion = 56;
	objects = {

/* Begin PBXBuildFile section */
		3F06D1E22A15A42D0019DF18 /* AppDelegate.swift in Sources */ = {isa = PBXBuildFile; fileRef = 3F06D1E12A15A42D0019DF18 /* AppDelegate.swift */; };
		3F06D1E42A15A42D0019DF18 /* SceneDelegate.swift in Sources */ = {isa = PBXBuildFile; fileRef = 3F06D1E32A15A42D0019DF18 /* SceneDelegate.swift */; };
		3F06D1E62A15A42D0019DF18 /* ViewController.swift in Sources */ = {isa = PBXBuildFile; fileRef = 3F06D1E52A15A42D0019DF18 /* ViewController.swift */; };
		3F06D1E92A15A42D0019DF18 /* Main.storyboard in Resources */ = {isa = PBXBuildFile; fileRef = 3F06D1E72A15A42D0019DF18 /* Main.storyboard */; };
		3F06D1EC2A15A42D0019DF18 /* Magic8Ball.xcdatamodeld in Sources */ = {isa = PBXBuildFile; fileRef = 3F06D1EA2A15A42D0019DF18 /* Magic8Ball.xcdatamodeld */; };
		3F06D1EE2A15A42E0019DF18 /* Assets.xcassets in Resources */ = {isa = PBXBuildFile; fileRef = 3F06D1ED2A15A42E0019DF18 /* Assets.xcassets */; };
		3F06D1F12A15A42E0019DF18 /* LaunchScreen.storyboard in Resources */ = {isa = PBXBuildFile; fileRef = 3F06D1EF2A15A42E0019DF18 /* LaunchScreen.storyboard */; };
		3F06D1FC2A15A42E0019DF18 /* Magic8BallTests.swift in Sources */ = {isa = PBXBuildFile; fileRef = 3F06D1FB2A15A42E0019DF18 /* Magic8BallTests.swift */; };
		3F06D2062A15A42E0019DF18 /* Magic8BallUITests.swift in Sources */ = {isa = PBXBuildFile; fileRef = 3F06D2052A15A42E0019DF18 /* Magic8BallUITests.swift */; };
		3F06D2082A15A42E0019DF18 /* Magic8BallUITestsLaunchTests.swift in Sources */ = {isa = PBXBuildFile; fileRef = 3F06D2072A15A42E0019DF18 /* Magic8BallUITestsLaunchTests.swift */; };
/* End PBXBuildFile section */

/* Begin PBXContainerItemProxy section */
		3F06D1F82A15A42E0019DF18 /* PBXContainerItemProxy */ = {
			isa = PBXContainerItemProxy;
			containerPortal = 3F06D1D62A15A42D0019DF18 /* Project object */;
			proxyType = 1;
			remoteGlobalIDString = 3F06D1DD2A15A42D0019DF18;
			remoteInfo = Magic8Ball;
		};
		3F06D2022A15A42E0019DF18 /* PBXContainerItemProxy */ = {
			isa = PBXContainerItemProxy;
			containerPortal = 3F06D1D62A15A42D0019DF18 /* Project object */;
			proxyType = 1;
			remoteGlobalIDString = 3F06D1DD2A15A42D0019DF18;
			remoteInfo = Magic8Ball;
		};
/* End PBXContainerItemProxy section */

/* Begin PBXFileReference section */
		3F06D1DE2A15A42D0019DF18 /* Magic8Ball.app */ = {isa = PBXFileReference; explicitFileType = wrapper.application; includeInIndex = 0; path = Magic8Ball.app; sourceTree = BUILT_PRODUCTS_DIR; };
		3F06D1E12A15A42D0019DF18 /* AppDelegate.swift */ = {isa = PBXFileReference; lastKnownFileType = sourcecode.swift; path = AppDelegate.swift; sourceTree = "<group>"; };
		3F06D1E32A15A42D0019DF18 /* SceneDelegate.swift */ = {isa = PBXFileReference; lastKnownFileType = sourcecode.swift; path = SceneDelegate.swift; sourceTree = "<group>"; };
		3F06D1E52A15A42D0019DF18 /* ViewController.swift */ = {isa = PBXFileReference; lastKnownFileType = sourcecode.swift; path = ViewController.swift; sourceTree = "<group>"; };
		3F06D1E82A15A42D0019DF18 /* Base */ = {isa = PBXFileReference; lastKnownFileType = file.storyboard; name = Base; path = Base.lproj/Main.storyboard; sourceTree = "<group>"; };
		3F06D1EB2A15A42D0019DF18 /* Magic8Ball.xcdatamodel */ = {isa = PBXFileReference; lastKnownFileType = wrapper.xcdatamodel; path = Magic8Ball.xcdatamodel; sourceTree = "<group>"; };
		3F06D1ED2A15A42E0019DF18 /* Assets.xcassets */ = {isa = PBXFileReference; lastKnownFileType = folder.assetcatalog; path = Assets.xcassets; sourceTree = "<group>"; };
		3F06D1F02A15A42E0019DF18 /* Base */ = {isa = PBXFileReference; lastKnownFileType = file.storyboard; name = Base; path = Base.lproj/LaunchScreen.storyboard; sourceTree = "<group>"; };
		3F06D1F22A15A42E0019DF18 /* Info.plist */ = {isa = PBXFileReference; lastKnownFileType = text.plist.xml; path = Info.plist; sourceTree = "<group>"; };
		3F06D1F72A15A42E0019DF18 /* Magic8BallTests.xctest */ = {isa = PBXFileReference; explicitFileType = wrapper.cfbundle; includeInIndex = 0; path = Magic8BallTests.xctest; sourceTree = BUILT_PRODUCTS_DIR; };
		3F06D1FB2A15A42E0019DF18 /* Magic8BallTests.swift */ = {isa = PBXFileReference; lastKnownFileType = sourcecode.swift; path = Magic8BallTests.swift; sourceTree = "<group>"; };
		3F06D2012A15A42E0019DF18 /* Magic8BallUITests.xctest */ = {isa = PBXFileReference; explicitFileType = wrapper.cfbundle; includeInIndex = 0; path = Magic8BallUITests.xctest; sourceTree = BUILT_PRODUCTS_DIR; };
		3F06D2052A15A42E0019DF18 /* Magic8BallUITests.swift */ = {isa = PBXFileReference; lastKnownFileType = sourcecode.swift; path = Magic8BallUITests.swift; sourceTree = "<group>"; };
		3F06D2072A15A42E0019DF18 /* Magic8BallUITestsLaunchTests.swift */ = {isa = PBXFileReference; lastKnownFileType = sourcecode.swift; path = Magic8BallUITestsLaunchTests.swift; sourceTree = "<group>"; };
/* End PBXFileReference section */

/* Begin PBXFrameworksBuildPhase section */
		3F06D1DB2A15A42D0019DF18 /* Frameworks */ = {
			isa = PBXFrameworksBuildPhase;
			buildActionMask = 2147483647;
			files = (
			);
			runOnlyForDeploymentPostprocessing = 0;
		};
		3F06D1F42A15A42E0019DF18 /* Frameworks */ = {
			isa = PBXFrameworksBuildPhase;
			buildActionMask = 2147483647;
			files = (
			);
			runOnlyForDeploymentPostprocessing = 0;
		};
		3F06D1FE2A15A42E0019DF18 /* Frameworks */ = {
			isa = PBXFrameworksBuildPhase;
			buildActionMask = 2147483647;
			files = (
			);
			runOnlyForDeploymentPostprocessing = 0;
		};
/* End PBXFrameworksBuildPhase section */

/* Begin PBXGroup section */
		3F06D1D52A15A42D0019DF18 = {
			isa = PBXGroup;
			children = (
				3F06D1E02A15A42D0019DF18 /* Magic8Ball */,
				3F06D1FA2A15A42E0019DF18 /* Magic8BallTests */,
				3F06D2042A15A42E0019DF18 /* Magic8BallUITests */,
				3F06D1DF2A15A42D0019DF18 /* Products */,
			);
			sourceTree = "<group>";
		};
		3F06D1DF2A15A42D0019DF18 /* Products */ = {
			isa = PBXGroup;
			children = (
				3F06D1DE2A15A42D0019DF18 /* Magic8Ball.app */,
				3F06D1F72A15A42E0019DF18 /* Magic8BallTests.xctest */,
				3F06D2012A15A42E0019DF18 /* Magic8BallUITests.xctest */,
			);
			name = Products;
			sourceTree = "<group>";
		};
		3F06D1E02A15A42D0019DF18 /* Magic8Ball */ = {
			isa = PBXGroup;
			children = (
				3F06D1E12A15A42D0019DF18 /* AppDelegate.swift */,
				3F06D1E32A15A42D0019DF18 /* SceneDelegate.swift */,
				3F06D1E52A15A42D0019DF18 /* ViewController.swift */,
				3F06D1E72A15A42D0019DF18 /* Main.storyboard */,
				3F06D1ED2A15A42E0019DF18 /* Assets.xcassets */,
				3F06D1EF2A15A42E0019DF18 /* LaunchScreen.storyboard */,
				3F06D1F22A15A42E0019DF18 /* Info.plist */,
				3F06D1EA2A15A42D0019DF18 /* Magic8Ball.xcdatamodeld */,
			);
			path = Magic8Ball;
			sourceTree = "<group>";
		};
		3F06D1FA2A15A42E0019DF18 /* Magic8BallTests */ = {
			isa = PBXGroup;
			children = (
				3F06D1FB2A15A42E0019DF18 /* Magic8BallTests.swift */,
			);
			path = Magic8BallTests;
			sourceTree = "<group>";
		};
		3F06D2042A15A42E0019DF18 /* Magic8BallUITests */ = {
			isa = PBXGroup;
			children = (
				3F06D2052A15A42E0019DF18 /* Magic8BallUITests.swift */,
				3F06D2072A15A42E0019DF18 /* Magic8BallUITestsLaunchTests.swift */,
			);
			path = Magic8BallUITests;
			sourceTree = "<group>";
		};
/* End PBXGroup section */

/* Begin PBXNativeTarget section */
		3F06D1DD2A15A42D0019DF18 /* Magic8Ball */ = {
			isa = PBXNativeTarget;
			buildConfigurationList = 3F06D20B2A15A42E0019DF18 /* Build configuration list for PBXNativeTarget "Magic8Ball" */;
			buildPhases = (
				3F06D1DA2A15A42D0019DF18 /* Sources */,
				3F06D1DB2A15A42D0019DF18 /* Frameworks */,
				3F06D1DC2A15A42D0019DF18 /* Resources */,
			);
			buildRules = (
			);
			dependencies = (
			);
			name = Magic8Ball;
			productName = Magic8Ball;
			productReference = 3F06D1DE2A15A42D0019DF18 /* Magic8Ball.app */;
			productType = "com.apple.product-type.application";
		};
		3F06D1F62A15A42E0019DF18 /* Magic8BallTests */ = {
			isa = PBXNativeTarget;
			buildConfigurationList = 3F06D20E2A15A42E0019DF18 /* Build configuration list for PBXNativeTarget "Magic8BallTests" */;
			buildPhases = (
				3F06D1F32A15A42E0019DF18 /* Sources */,
				3F06D1F42A15A42E0019DF18 /* Frameworks */,
				3F06D1F52A15A42E0019DF18 /* Resources */,
			);
			buildRules = (
			);
			dependencies = (
				3F06D1F92A15A42E0019DF18 /* PBXTargetDependency */,
			);
			name = Magic8BallTests;
			productName = Magic8BallTests;
			productReference = 3F06D1F72A15A42E0019DF18 /* Magic8BallTests.xctest */;
			productType = "com.apple.product-type.bundle.unit-test";
		};
		3F06D2002A15A42E0019DF18 /* Magic8BallUITests */ = {
			isa = PBXNativeTarget;
			buildConfigurationList = 3F06D2112A15A42E0019DF18 /* Build configuration list for PBXNativeTarget "Magic8BallUITests" */;
			buildPhases = (
				3F06D1FD2A15A42E0019DF18 /* Sources */,
				3F06D1FE2A15A42E0019DF18 /* Frameworks */,
				3F06D1FF2A15A42E0019DF18 /* Resources */,
			);
			buildRules = (
			);
			dependencies = (
				3F06D2032A15A42E0019DF18 /* PBXTargetDependency */,
			);
			name = Magic8BallUITests;
			productName = Magic8BallUITests;
			productReference = 3F06D2012A15A42E0019DF18 /* Magic8BallUITests.xctest */;
			productType = "com.apple.product-type.bundle.ui-testing";
		};
/* End PBXNativeTarget section */

/* Begin PBXProject section */
		3F06D1D62A15A42D0019DF18 /* Project object */ = {
			isa = PBXProject;
			attributes = {
				BuildIndependentTargetsInParallel = 1;
				LastSwiftUpdateCheck = 1430;
				LastUpgradeCheck = 1430;
				TargetAttributes = {
					3F06D1DD2A15A42D0019DF18 = {
						CreatedOnToolsVersion = 14.3;
					};
					3F06D1F62A15A42E0019DF18 = {
						CreatedOnToolsVersion = 14.3;
						TestTargetID = 3F06D1DD2A15A42D0019DF18;
					};
					3F06D2002A15A42E0019DF18 = {
						CreatedOnToolsVersion = 14.3;
						TestTargetID = 3F06D1DD2A15A42D0019DF18;
					};
				};
			};
			buildConfigurationList = 3F06D1D92A15A42D0019DF18 /* Build configuration list for PBXProject "Magic8Ball" */;
			compatibilityVersion = "Xcode 14.0";
			developmentRegion = en;
			hasScannedForEncodings = 0;
			knownRegions = (
				en,
				Base,
			);
			mainGroup = 3F06D1D52A15A42D0019DF18;
			productRefGroup = 3F06D1DF2A15A42D0019DF18 /* Products */;
			projectDirPath = "";
			projectRoot = "";
			targets = (
				3F06D1DD2A15A42D0019DF18 /* Magic8Ball */,
				3F06D1F62A15A42E0019DF18 /* Magic8BallTests */,
				3F06D2002A15A42E0019DF18 /* Magic8BallUITests */,
			);
		};
/* End PBXProject section */

/* Begin PBXResourcesBuildPhase section */
		3F06D1DC2A15A42D0019DF18 /* Resources */ = {
			isa = PBXResourcesBuildPhase;
			buildActionMask = 2147483647;
			files = (
				3F06D1F12A15A42E0019DF18 /* LaunchScreen.storyboard in Resources */,
				3F06D1EE2A15A42E0019DF18 /* Assets.xcassets in Resources */,
				3F06D1E92A15A42D0019DF18 /* Main.storyboard in Resources */,
			);
			runOnlyForDeploymentPostprocessing = 0;
		};
		3F06D1F52A15A42E0019DF18 /* Resources */ = {
			isa = PBXResourcesBuildPhase;
			buildActionMask = 2147483647;
			files = (
			);
			runOnlyForDeploymentPostprocessing = 0;
		};
		3F06D1FF2A15A42E0019DF18 /* Resources */ = {
			isa = PBXResourcesBuildPhase;
			buildActionMask = 2147483647;
			files = (
			);
			runOnlyForDeploymentPostprocessing = 0;
		};
/* End PBXResourcesBuildPhase section */

/* Begin PBXSourcesBuildPhase section */
		3F06D1DA2A15A42D0019DF18 /* Sources */ = {
			isa = PBXSourcesBuildPhase;
			buildActionMask = 2147483647;
			files = (
				3F06D1E62A15A42D0019DF18 /* ViewController.swift in Sources */,
				3F06D1E22A15A42D0019DF18 /* AppDelegate.swift in Sources */,
				3F06D1E42A15A42D0019DF18 /* SceneDelegate.swift in Sources */,
				3F06D1EC2A15A42D0019DF18 /* Magic8Ball.xcdatamodeld in Sources */,
			);
			runOnlyForDeploymentPostprocessing = 0;
		};
		3F06D1F32A15A42E0019DF18 /* Sources */ = {
			isa = PBXSourcesBuildPhase;
			buildActionMask = 2147483647;
			files = (
				3F06D1FC2A15A42E0019DF18 /* Magic8BallTests.swift in Sources */,
			);
			runOnlyForDeploymentPostprocessing = 0;
		};
		3F06D1FD2A15A42E0019DF18 /* Sources */ = {
			isa = PBXSourcesBuildPhase;
			buildActionMask = 2147483647;
			files = (
				3F06D2082A15A42E0019DF18 /* Magic8BallUITestsLaunchTests.swift in Sources */,
				3F06D2062A15A42E0019DF18 /* Magic8BallUITests.swift in Sources */,
			);
			runOnlyForDeploymentPostprocessing = 0;
		};
/* End PBXSourcesBuildPhase section */

/* Begin PBXTargetDependency section */
		3F06D1F92A15A42E0019DF18 /* PBXTargetDependency */ = {
			isa = PBXTargetDependency;
			target = 3F06D1DD2A15A42D0019DF18 /* Magic8Ball */;
			targetProxy = 3F06D1F82A15A42E0019DF18 /* PBXContainerItemProxy */;
		};
		3F06D2032A15A42E0019DF18 /* PBXTargetDependency */ = {
			isa = PBXTargetDependency;
			target = 3F06D1DD2A15A42D0019DF18 /* Magic8Ball */;
			targetProxy = 3F06D2022A15A42E0019DF18 /* PBXContainerItemProxy */;
		};
/* End PBXTargetDependency section */

/* Begin PBXVariantGroup section */
		3F06D1E72A15A42D0019DF18 /* Main.storyboard */ = {
			isa = PBXVariantGroup;
			children = (
				3F06D1E82A15A42D0019DF18 /* Base */,
			);
			name = Main.storyboard;
			sourceTree = "<group>";
		};
		3F06D1EF2A15A42E0019DF18 /* LaunchScreen.storyboard */ = {
			isa = PBXVariantGroup;
			children = (
				3F06D1F02A15A42E0019DF18 /* Base */,
			);
			name = LaunchScreen.storyboard;
			sourceTree = "<group>";
		};
/* End PBXVariantGroup section */

/* Begin XCBuildConfiguration section */
		3F06D2092A15A42E0019DF18 /* Debug */ = {
			isa = XCBuildConfiguration;
			buildSettings = {
				ALWAYS_SEARCH_USER_PATHS = NO;
				CLANG_ANALYZER_NONNULL = YES;
				CLANG_ANALYZER_NUMBER_OBJECT_CONVERSION = YES_AGGRESSIVE;
				CLANG_CXX_LANGUAGE_STANDARD = "gnu++20";
				CLANG_ENABLE_MODULES = YES;
				CLANG_ENABLE_OBJC_ARC = YES;
				CLANG_ENABLE_OBJC_WEAK = YES;
				CLANG_WARN_BLOCK_CAPTURE_AUTORELEASING = YES;
				CLANG_WARN_BOOL_CONVERSION = YES;
				CLANG_WARN_COMMA = YES;
				CLANG_WARN_CONSTANT_CONVERSION = YES;
				CLANG_WARN_DEPRECATED_OBJC_IMPLEMENTATIONS = YES;
				CLANG_WARN_DIRECT_OBJC_ISA_USAGE = YES_ERROR;
				CLANG_WARN_DOCUMENTATION_COMMENTS = YES;
				CLANG_WARN_EMPTY_BODY = YES;
				CLANG_WARN_ENUM_CONVERSION = YES;
				CLANG_WARN_INFINITE_RECURSION = YES;
				CLANG_WARN_INT_CONVERSION = YES;
				CLANG_WARN_NON_LITERAL_NULL_CONVERSION = YES;
				CLANG_WARN_OBJC_IMPLICIT_RETAIN_SELF = YES;
				CLANG_WARN_OBJC_LITERAL_CONVERSION = YES;
				CLANG_WARN_OBJC_ROOT_CLASS = YES_ERROR;
				CLANG_WARN_QUOTED_INCLUDE_IN_FRAMEWORK_HEADER = YES;
				CLANG_WARN_RANGE_LOOP_ANALYSIS = YES;
				CLANG_WARN_STRICT_PROTOTYPES = YES;
				CLANG_WARN_SUSPICIOUS_MOVE = YES;
				CLANG_WARN_UNGUARDED_AVAILABILITY = YES_AGGRESSIVE;
				CLANG_WARN_UNREACHABLE_CODE = YES;
				CLANG_WARN__DUPLICATE_METHOD_MATCH = YES;
				COPY_PHASE_STRIP = NO;
				DEBUG_INFORMATION_FORMAT = dwarf;
				ENABLE_STRICT_OBJC_MSGSEND = YES;
				ENABLE_TESTABILITY = YES;
				GCC_C_LANGUAGE_STANDARD = gnu11;
				GCC_DYNAMIC_NO_PIC = NO;
				GCC_NO_COMMON_BLOCKS = YES;
				GCC_OPTIMIZATION_LEVEL = 0;
				GCC_PREPROCESSOR_DEFINITIONS = (
					"DEBUG=1",
					"$(inherited)",
				);
				GCC_WARN_64_TO_32_BIT_CONVERSION = YES;
				GCC_WARN_ABOUT_RETURN_TYPE = YES_ERROR;
				GCC_WARN_UNDECLARED_SELECTOR = YES;
				GCC_WARN_UNINITIALIZED_AUTOS = YES_AGGRESSIVE;
				GCC_WARN_UNUSED_FUNCTION = YES;
				GCC_WARN_UNUSED_VARIABLE = YES;
				IPHONEOS_DEPLOYMENT_TARGET = 16.4;
				MTL_ENABLE_DEBUG_INFO = INCLUDE_SOURCE;
				MTL_FAST_MATH = YES;
				ONLY_ACTIVE_ARCH = YES;
				SDKROOT = iphoneos;
				SWIFT_ACTIVE_COMPILATION_CONDITIONS = DEBUG;
				SWIFT_OPTIMIZATION_LEVEL = "-Onone";
			};
			name = Debug;
		};
		3F06D20A2A15A42E0019DF18 /* Release */ = {
			isa = XCBuildConfiguration;
			buildSettings = {
				ALWAYS_SEARCH_USER_PATHS = NO;
				CLANG_ANALYZER_NONNULL = YES;
				CLANG_ANALYZER_NUMBER_OBJECT_CONVERSION = YES_AGGRESSIVE;
				CLANG_CXX_LANGUAGE_STANDARD = "gnu++20";
				CLANG_ENABLE_MODULES = YES;
				CLANG_ENABLE_OBJC_ARC = YES;
				CLANG_ENABLE_OBJC_WEAK = YES;
				CLANG_WARN_BLOCK_CAPTURE_AUTORELEASING = YES;
				CLANG_WARN_BOOL_CONVERSION = YES;
				CLANG_WARN_COMMA = YES;
				CLANG_WARN_CONSTANT_CONVERSION = YES;
				CLANG_WARN_DEPRECATED_OBJC_IMPLEMENTATIONS = YES;
				CLANG_WARN_DIRECT_OBJC_ISA_USAGE = YES_ERROR;
				CLANG_WARN_DOCUMENTATION_COMMENTS = YES;
				CLANG_WARN_EMPTY_BODY = YES;
				CLANG_WARN_ENUM_CONVERSION = YES;
				CLANG_WARN_INFINITE_RECURSION = YES;
				CLANG_WARN_INT_CONVERSION = YES;
				CLANG_WARN_NON_LITERAL_NULL_CONVERSION = YES;
				CLANG_WARN_OBJC_IMPLICIT_RETAIN_SELF = YES;
				CLANG_WARN_OBJC_LITERAL_CONVERSION = YES;
				CLANG_WARN_OBJC_ROOT_CLASS = YES_ERROR;
				CLANG_WARN_QUOTED_INCLUDE_IN_FRAMEWORK_HEADER = YES;
				CLANG_WARN_RANGE_LOOP_ANALYSIS = YES;
				CLANG_WARN_STRICT_PROTOTYPES = YES;
				CLANG_WARN_SUSPICIOUS_MOVE = YES;
				CLANG_WARN_UNGUARDED_AVAILABILITY = YES_AGGRESSIVE;
				CLANG_WARN_UNREACHABLE_CODE = YES;
				CLANG_WARN__DUPLICATE_METHOD_MATCH = YES;
				COPY_PHASE_STRIP = NO;
				DEBUG_INFORMATION_FORMAT = "dwarf-with-dsym";
				ENABLE_NS_ASSERTIONS = NO;
				ENABLE_STRICT_OBJC_MSGSEND = YES;
				GCC_C_LANGUAGE_STANDARD = gnu11;
				GCC_NO_COMMON_BLOCKS = YES;
				GCC_WARN_64_TO_32_BIT_CONVERSION = YES;
				GCC_WARN_ABOUT_RETURN_TYPE = YES_ERROR;
				GCC_WARN_UNDECLARED_SELECTOR = YES;
				GCC_WARN_UNINITIALIZED_AUTOS = YES_AGGRESSIVE;
				GCC_WARN_UNUSED_FUNCTION = YES;
				GCC_WARN_UNUSED_VARIABLE = YES;
				IPHONEOS_DEPLOYMENT_TARGET = 16.4;
				MTL_ENABLE_DEBUG_INFO = NO;
				MTL_FAST_MATH = YES;
				SDKROOT = iphoneos;
				SWIFT_COMPILATION_MODE = wholemodule;
				SWIFT_OPTIMIZATION_LEVEL = "-O";
				VALIDATE_PRODUCT = YES;
			};
			name = Release;
		};
		3F06D20C2A15A42E0019DF18 /* Debug */ = {
			isa = XCBuildConfiguration;
			buildSettings = {
				ASSETCATALOG_COMPILER_APPICON_NAME = AppIcon;
				ASSETCATALOG_COMPILER_GLOBAL_ACCENT_COLOR_NAME = AccentColor;
				CODE_SIGN_STYLE = Automatic;
				CURRENT_PROJECT_VERSION = 1;
				GENERATE_INFOPLIST_FILE = YES;
				INFOPLIST_FILE = Magic8Ball/Info.plist;
				INFOPLIST_KEY_UIApplicationSupportsIndirectInputEvents = YES;
				INFOPLIST_KEY_UILaunchStoryboardName = LaunchScreen;
				INFOPLIST_KEY_UIMainStoryboardFile = Main;
				INFOPLIST_KEY_UISupportedInterfaceOrientations_iPad = "UIInterfaceOrientationPortrait UIInterfaceOrientationPortraitUpsideDown UIInterfaceOrientationLandscapeLeft UIInterfaceOrientationLandscapeRight";
				INFOPLIST_KEY_UISupportedInterfaceOrientations_iPhone = "UIInterfaceOrientationPortrait UIInterfaceOrientationLandscapeLeft UIInterfaceOrientationLandscapeRight";
				LD_RUNPATH_SEARCH_PATHS = (
					"$(inherited)",
					"@executable_path/Frameworks",
				);
				MARKETING_VERSION = 1.0;
				PRODUCT_BUNDLE_IDENTIFIER = com.mh.Magic8Ball;
				PRODUCT_NAME = "$(TARGET_NAME)";
				SWIFT_EMIT_LOC_STRINGS = YES;
				SWIFT_VERSION = 5.0;
				TARGETED_DEVICE_FAMILY = "1,2";
			};
			name = Debug;
		};
		3F06D20D2A15A42E0019DF18 /* Release */ = {
			isa = XCBuildConfiguration;
			buildSettings = {
				ASSETCATALOG_COMPILER_APPICON_NAME = AppIcon;
				ASSETCATALOG_COMPILER_GLOBAL_ACCENT_COLOR_NAME = AccentColor;
				CODE_SIGN_STYLE = Automatic;
				CURRENT_PROJECT_VERSION = 1;
				GENERATE_INFOPLIST_FILE = YES;
				INFOPLIST_FILE = Magic8Ball/Info.plist;
				INFOPLIST_KEY_UIApplicationSupportsIndirectInputEvents = YES;
				INFOPLIST_KEY_UILaunchStoryboardName = LaunchScreen;
				INFOPLIST_KEY_UIMainStoryboardFile = Main;
				INFOPLIST_KEY_UISupportedInterfaceOrientations_iPad = "UIInterfaceOrientationPortrait UIInterfaceOrientationPortraitUpsideDown UIInterfaceOrientationLandscapeLeft UIInterfaceOrientationLandscapeRight";
				INFOPLIST_KEY_UISupportedInterfaceOrientations_iPhone = "UIInterfaceOrientationPortrait UIInterfaceOrientationLandscapeLeft UIInterfaceOrientationLandscapeRight";
				LD_RUNPATH_SEARCH_PATHS = (
					"$(inherited)",
					"@executable_path/Frameworks",
				);
				MARKETING_VERSION = 1.0;
				PRODUCT_BUNDLE_IDENTIFIER = com.mh.Magic8Ball;
				PRODUCT_NAME = "$(TARGET_NAME)";
				SWIFT_EMIT_LOC_STRINGS = YES;
				SWIFT_VERSION = 5.0;
				TARGETED_DEVICE_FAMILY = "1,2";
			};
			name = Release;
		};
		3F06D20F2A15A42E0019DF18 /* Debug */ = {
			isa = XCBuildConfiguration;
			buildSettings = {
				ALWAYS_EMBED_SWIFT_STANDARD_LIBRARIES = YES;
				BUNDLE_LOADER = "$(TEST_HOST)";
				CODE_SIGN_STYLE = Automatic;
				CURRENT_PROJECT_VERSION = 1;
				GENERATE_INFOPLIST_FILE = YES;
				IPHONEOS_DEPLOYMENT_TARGET = 16.4;
				MARKETING_VERSION = 1.0;
				PRODUCT_BUNDLE_IDENTIFIER = com.mh.Magic8BallTests;
				PRODUCT_NAME = "$(TARGET_NAME)";
				SWIFT_EMIT_LOC_STRINGS = NO;
				SWIFT_VERSION = 5.0;
				TARGETED_DEVICE_FAMILY = "1,2";
				TEST_HOST = "$(BUILT_PRODUCTS_DIR)/Magic8Ball.app/$(BUNDLE_EXECUTABLE_FOLDER_PATH)/Magic8Ball";
			};
			name = Debug;
		};
		3F06D2102A15A42E0019DF18 /* Release */ = {
			isa = XCBuildConfiguration;
			buildSettings = {
				ALWAYS_EMBED_SWIFT_STANDARD_LIBRARIES = YES;
				BUNDLE_LOADER = "$(TEST_HOST)";
				CODE_SIGN_STYLE = Automatic;
				CURRENT_PROJECT_VERSION = 1;
				GENERATE_INFOPLIST_FILE = YES;
				IPHONEOS_DEPLOYMENT_TARGET = 16.4;
				MARKETING_VERSION = 1.0;
				PRODUCT_BUNDLE_IDENTIFIER = com.mh.Magic8BallTests;
				PRODUCT_NAME = "$(TARGET_NAME)";
				SWIFT_EMIT_LOC_STRINGS = NO;
				SWIFT_VERSION = 5.0;
				TARGETED_DEVICE_FAMILY = "1,2";
				TEST_HOST = "$(BUILT_PRODUCTS_DIR)/Magic8Ball.app/$(BUNDLE_EXECUTABLE_FOLDER_PATH)/Magic8Ball";
			};
			name = Release;
		};
		3F06D2122A15A42E0019DF18 /* Debug */ = {
			isa = XCBuildConfiguration;
			buildSettings = {
				ALWAYS_EMBED_SWIFT_STANDARD_LIBRARIES = YES;
				CODE_SIGN_STYLE = Automatic;
				CURRENT_PROJECT_VERSION = 1;
				GENERATE_INFOPLIST_FILE = YES;
				MARKETING_VERSION = 1.0;
				PRODUCT_BUNDLE_IDENTIFIER = com.mh.Magic8BallUITests;
				PRODUCT_NAME = "$(TARGET_NAME)";
				SWIFT_EMIT_LOC_STRINGS = NO;
				SWIFT_VERSION = 5.0;
				TARGETED_DEVICE_FAMILY = "1,2";
				TEST_TARGET_NAME = Magic8Ball;
			};
			name = Debug;
		};
		3F06D2132A15A42E0019DF18 /* Release */ = {
			isa = XCBuildConfiguration;
			buildSettings = {
				ALWAYS_EMBED_SWIFT_STANDARD_LIBRARIES = YES;
				CODE_SIGN_STYLE = Automatic;
				CURRENT_PROJECT_VERSION = 1;
				GENERATE_INFOPLIST_FILE = YES;
				MARKETING_VERSION = 1.0;
				PRODUCT_BUNDLE_IDENTIFIER = com.mh.Magic8BallUITests;
				PRODUCT_NAME = "$(TARGET_NAME)";
				SWIFT_EMIT_LOC_STRINGS = NO;
				SWIFT_VERSION = 5.0;
				TARGETED_DEVICE_FAMILY = "1,2";
				TEST_TARGET_NAME = Magic8Ball;
			};
			name = Release;
		};
/* End XCBuildConfiguration section */

/* Begin XCConfigurationList section */
		3F06D1D92A15A42D0019DF18 /* Build configuration list for PBXProject "Magic8Ball" */ = {
			isa = XCConfigurationList;
			buildConfigurations = (
				3F06D2092A15A42E0019DF18 /* Debug */,
				3F06D20A2A15A42E0019DF18 /* Release */,
			);
			defaultConfigurationIsVisible = 0;
			defaultConfigurationName = Release;
		};
		3F06D20B2A15A42E0019DF18 /* Build configuration list for PBXNativeTarget "Magic8Ball" */ = {
			isa = XCConfigurationList;
			buildConfigurations = (
				3F06D20C2A15A42E0019DF18 /* Debug */,
				3F06D20D2A15A42E0019DF18 /* Release */,
			);
			defaultConfigurationIsVisible = 0;
			defaultConfigurationName = Release;
		};
		3F06D20E2A15A42E0019DF18 /* Build configuration list for PBXNativeTarget "Magic8BallTests" */ = {
			isa = XCConfigurationList;
			buildConfigurations = (
				3F06D20F2A15A42E0019DF18 /* Debug */,
				3F06D2102A15A42E0019DF18 /* Release */,
			);
			defaultConfigurationIsVisible = 0;
			defaultConfigurationName = Release;
		};
		3F06D2112A15A42E0019DF18 /* Build configuration list for PBXNativeTarget "Magic8BallUITests" */ = {
			isa = XCConfigurationList;
			buildConfigurations = (
				3F06D2122A15A42E0019DF18 /* Debug */,
				3F06D2132A15A42E0019DF18 /* Release */,
			);
			defaultConfigurationIsVisible = 0;
			defaultConfigurationName = Release;
		};
/* End XCConfigurationList section */

/* Begin XCVersionGroup section */
		3F06D1EA2A15A42D0019DF18 /* Magic8Ball.xcdatamodeld */ = {
			isa = XCVersionGroup;
			children = (
				3F06D1EB2A15A42D0019DF18 /* Magic8Ball.xcdatamodel */,
			);
			currentVersion = 3F06D1EB2A15A42D0019DF18 /* Magic8Ball.xcdatamodel */;
			path = Magic8Ball.xcdatamodeld;
			sourceTree = "<group>";
			versionGroupType = wrapper.xcdatamodel;
		};
/* End XCVersionGroup section */
	};
	rootObject = 3F06D1D62A15A42D0019DF18 /* Project object */;
}
